
Microsoft Visual Studio Solution File, Format Version 12.00
# Visual Studio Version 17
VisualStudioVersion = 17.8.34322.80
MinimumVisualStudioVersion = 10.0.40219.1
Project("{FAE04EC0-301F-11D3-BF4B-00C04F79EFBC}") = "TicTacToe", "TicTacToe\TicTacToe.csproj", "{4104076B-5685-4439-AEB9-24FDCA5FD1A9}"
EndProject
Global
	GlobalSection(SolutionConfigurationPlatforms) = preSolution
		Debug|Any CPU = Debug|Any CPU
		Release|Any CPU = Release|Any CPU
	EndGlobalSection
	GlobalSection(ProjectConfigurationPlatforms) = postSolution
		{4104076B-5685-4439-AEB9-24FDCA5FD1A9}.Debug|Any CPU.ActiveCfg = Debug|Any CPU
		{4104076B-5685-4439-AEB9-24FDCA5FD1A9}.Debug|Any CPU.Build.0 = Debug|Any CPU
		{4104076B-5685-4439-AEB9-24FDCA5FD1A9}.Release|Any CPU.ActiveCfg = Release|Any CPU
		{4104076B-5685-4439-AEB9-24FDCA5FD1A9}.Release|Any CPU.Build.0 = Release|Any CPU
	EndGlobalSection
	GlobalSection(SolutionProperties) = preSolution
		HideSolutionNode = FALSE
	EndGlobalSection
	GlobalSection(ExtensibilityGlobals) = postSolution
		SolutionGuid = {9EA1E2E6-1B92-4046-8CC0-586D2B7A9582}
	EndGlobalSection
EndGlobal
